PODS:
  - IQKeyboardManagerSwift (7.0.0)
  - lottie-ios (4.4.0)

DEPENDENCIES:
  - IQKeyboardManagerSwift
  - lottie-ios

SPEC REPOS:
  trunk:
    - IQKeyboardManagerSwift
    - lottie-ios

SPEC CHECKSUMS:
  IQKeyboardManagerSwift: bd69f3a49f6ead9cb6ce17723cf0c6c9b948d83e
  lottie-ios: ef1be1f90d54255f08e09d767950e43714661178

PODFILE CHECKSUM: ab2f959d717d07cd4922b17d2991b7f5d78d2054

COCOAPODS: 1.14.2
