PODS:
  - IQKeyboardManagerSwift (6.5.16)
  - lottie-ios (4.3.4)

DEPENDENCIES:
  - IQKeyboardManagerSwift
  - lottie-ios

SPEC REPOS:
  trunk:
    - IQKeyboardManagerSwift
    - lottie-ios

SPEC CHECKSUMS:
  IQKeyboardManagerSwift: 12d89768845bb77b55cc092ecc2b1f9370f06b76
  lottie-ios: 3d98679b41fa6fd6aff2352b3953dbd3df8a397e

PODFILE CHECKSUM: 7f234d31948513c10890d67112c1491aa382cdf4

COCOAPODS: 1.14.2
