// !$*UTF8*$!
{
	archiveVersion = 1;
	classes = {
	};
	objectVersion = 56;
	objects = {

/* Begin PBXBuildFile section */
		0412220D2B0382120013A273 /* LoginViewController.swift in Sources */ = {isa = PBXBuildFile; fileRef = 0412220C2B0382120013A273 /* LoginViewController.swift */; };
		041519E22B1D03E900053B0A /* TextIncomingMessageCell.swift in Sources */ = {isa = PBXBuildFile; fileRef = 041519E02B1D03E900053B0A /* TextIncomingMessageCell.swift */; };
		041519E32B1D03E900053B0A /* TextIncomingMessageCell.xib in Resources */ = {isa = PBXBuildFile; fileRef = 041519E12B1D03E900053B0A /* TextIncomingMessageCell.xib */; };
		041519E62B1D089900053B0A /* ImageOutgoingMessageCell.swift in Sources */ = {isa = PBXBuildFile; fileRef = 041519E42B1D089900053B0A /* ImageOutgoingMessageCell.swift */; };
		041519E72B1D089900053B0A /* ImageOutgoingMessageCell.xib in Resources */ = {isa = PBXBuildFile; fileRef = 041519E52B1D089900053B0A /* ImageOutgoingMessageCell.xib */; };
		041641D82AFD24B70054CCAC /* RestaurantViewController.swift in Sources */ = {isa = PBXBuildFile; fileRef = 041641D72AFD24B70054CCAC /* RestaurantViewController.swift */; };
		041641E12AFD2E5E0054CCAC /* RestaurantCollectionViewCell.swift in Sources */ = {isa = PBXBuildFile; fileRef = 041641DF2AFD2E5E0054CCAC /* RestaurantCollectionViewCell.swift */; };
		041641E22AFD2E5E0054CCAC /* RestaurantCollectionViewCell.xib in Resources */ = {isa = PBXBuildFile; fileRef = 041641E02AFD2E5E0054CCAC /* RestaurantCollectionViewCell.xib */; };
		0424831F2B11ECD200B84CB0 /* ProfileTableViewCell.swift in Sources */ = {isa = PBXBuildFile; fileRef = 0424831D2B11ECD200B84CB0 /* ProfileTableViewCell.swift */; };
		042483202B11ECD200B84CB0 /* ProfileTableViewCell.xib in Resources */ = {isa = PBXBuildFile; fileRef = 0424831E2B11ECD200B84CB0 /* ProfileTableViewCell.xib */; };
		04285EF32B023EA100461CFE /* Loadingbbb.json in Resources */ = {isa = PBXBuildFile; fileRef = 04285EF22B023EA100461CFE /* Loadingbbb.json */; };
		042F7F7B2B29AD78004D501E /* AudioOutgoingMessageCell.swift in Sources */ = {isa = PBXBuildFile; fileRef = 042F7F792B29AD78004D501E /* AudioOutgoingMessageCell.swift */; };
		042F7F7C2B29AD78004D501E /* AudioOutgoingMessageCell.xib in Resources */ = {isa = PBXBuildFile; fileRef = 042F7F7A2B29AD78004D501E /* AudioOutgoingMessageCell.xib */; };
		042F7F7F2B29AD99004D501E /* AudioIncomingMessageCell.swift in Sources */ = {isa = PBXBuildFile; fileRef = 042F7F7D2B29AD99004D501E /* AudioIncomingMessageCell.swift */; };
		042F7F802B29AD99004D501E /* AudioIncomingMessageCell.xib in Resources */ = {isa = PBXBuildFile; fileRef = 042F7F7E2B29AD99004D501E /* AudioIncomingMessageCell.xib */; };
		043325022AFC2D6000452C1E /* PageViewController.swift in Sources */ = {isa = PBXBuildFile; fileRef = 043325012AFC2D6000452C1E /* PageViewController.swift */; };
		043325042AFC2D9D00452C1E /* PageCollectionViewCell.swift in Sources */ = {isa = PBXBuildFile; fileRef = 043325032AFC2D9D00452C1E /* PageCollectionViewCell.swift */; };
		0441F3F82B0B5B22009E8043 /* HomeViewController.swift in Sources */ = {isa = PBXBuildFile; fileRef = 0441F3F72B0B5B22009E8043 /* HomeViewController.swift */; };
		044CC8CC2B1938D500CAE3B8 /* UITableViewExtension.swift in Sources */ = {isa = PBXBuildFile; fileRef = 044CC8CB2B1938D500CAE3B8 /* UITableViewExtension.swift */; };
		044E1E3B2AFD4ABB006E554E /* RestaurantTableViewCell.swift in Sources */ = {isa = PBXBuildFile; fileRef = 044E1E3A2AFD4ABB006E554E /* RestaurantTableViewCell.swift */; };
		0455BD3B2AF7F518006218AB /* RestaurantsList.swift in Sources */ = {isa = PBXBuildFile; fileRef = 0455BD3A2AF7F518006218AB /* RestaurantsList.swift */; };
		0455BD3F2AF7FD85006218AB /* RestaurantCell.swift in Sources */ = {isa = PBXBuildFile; fileRef = 0455BD3E2AF7FD85006218AB /* RestaurantCell.swift */; };
		0455BD412AF7FFB1006218AB /* Restaurant.swift in Sources */ = {isa = PBXBuildFile; fileRef = 0455BD402AF7FFB1006218AB /* Restaurant.swift */; };
		04567A072B2CB50900ADD4BC /* TextAndImageOutgoingMessageCell.swift in Sources */ = {isa = PBXBuildFile; fileRef = 04567A052B2CB50900ADD4BC /* TextAndImageOutgoingMessageCell.swift */; };
		04567A082B2CB50900ADD4BC /* TextAndImageOutgoingMessageCell.xib in Resources */ = {isa = PBXBuildFile; fileRef = 04567A062B2CB50900ADD4BC /* TextAndImageOutgoingMessageCell.xib */; };
		04567A0B2B2CD11D00ADD4BC /* TextAndImageIncomingMessageCell.swift in Sources */ = {isa = PBXBuildFile; fileRef = 04567A092B2CD11D00ADD4BC /* TextAndImageIncomingMessageCell.swift */; };
		04567A0C2B2CD11D00ADD4BC /* TextAndImageIncomingMessageCell.xib in Resources */ = {isa = PBXBuildFile; fileRef = 04567A0A2B2CD11D00ADD4BC /* TextAndImageIncomingMessageCell.xib */; };
		045A7A362AFAD7F400C29688 /* RestaurantServiceManager.swift in Sources */ = {isa = PBXBuildFile; fileRef = 045A7A352AFAD7F400C29688 /* RestaurantServiceManager.swift */; };
		046A74FE2B1935A3002F62E2 /* TextOutgoingMessageCell.swift in Sources */ = {isa = PBXBuildFile; fileRef = 046A74FC2B1935A3002F62E2 /* TextOutgoingMessageCell.swift */; };
		046A74FF2B1935A3002F62E2 /* TextOutgoingMessageCell.xib in Resources */ = {isa = PBXBuildFile; fileRef = 046A74FD2B1935A3002F62E2 /* TextOutgoingMessageCell.xib */; };
		046A75022B1935C2002F62E2 /* ImageIncomingMessageCell.swift in Sources */ = {isa = PBXBuildFile; fileRef = 046A75002B1935C2002F62E2 /* ImageIncomingMessageCell.swift */; };
		046A75032B1935C2002F62E2 /* ImageIncomingMessageCell.xib in Resources */ = {isa = PBXBuildFile; fileRef = 046A75012B1935C2002F62E2 /* ImageIncomingMessageCell.xib */; };
		0480428B2B14BAD4001406FA /* EditProfile.swift in Sources */ = {isa = PBXBuildFile; fileRef = 0480428A2B14BAD4001406FA /* EditProfile.swift */; };
		0483A76B2B41A54C0012AFF0 /* CommunityViewController.swift in Sources */ = {isa = PBXBuildFile; fileRef = 0483A76A2B41A54C0012AFF0 /* CommunityViewController.swift */; };
		0483A76E2B41CC560012AFF0 /* Post.swift in Sources */ = {isa = PBXBuildFile; fileRef = 0483A76D2B41CC560012AFF0 /* Post.swift */; };
		0483A7712B41CF3B0012AFF0 /* PostCell.swift in Sources */ = {isa = PBXBuildFile; fileRef = 0483A76F2B41CF3B0012AFF0 /* PostCell.swift */; };
		0483A7722B41CF3B0012AFF0 /* PostCell.xib in Resources */ = {isa = PBXBuildFile; fileRef = 0483A7702B41CF3B0012AFF0 /* PostCell.xib */; };
		0483A7752B4205F60012AFF0 /* StoryCollectionViewCell.swift in Sources */ = {isa = PBXBuildFile; fileRef = 0483A7732B4205F60012AFF0 /* StoryCollectionViewCell.swift */; };
		0483A7762B4205F60012AFF0 /* StoryCollectionViewCell.xib in Resources */ = {isa = PBXBuildFile; fileRef = 0483A7742B4205F60012AFF0 /* StoryCollectionViewCell.xib */; };
		04BF4AF22B0CD3DF0000EB36 /* Ingredients.swift in Sources */ = {isa = PBXBuildFile; fileRef = 04BF4AF12B0CD3DF0000EB36 /* Ingredients.swift */; };
		04BF4AF42B0CD4940000EB36 /* IngredientsServiceManager.swift in Sources */ = {isa = PBXBuildFile; fileRef = 04BF4AF32B0CD4940000EB36 /* IngredientsServiceManager.swift */; };
		04BF4AF72B0D02EC0000EB36 /* IngredientsCollectionViewCell.swift in Sources */ = {isa = PBXBuildFile; fileRef = 04BF4AF52B0D02EC0000EB36 /* IngredientsCollectionViewCell.swift */; };
		04BF4AF82B0D02EC0000EB36 /* IngredientsCollectionViewCell.xib in Resources */ = {isa = PBXBuildFile; fileRef = 04BF4AF62B0D02EC0000EB36 /* IngredientsCollectionViewCell.xib */; };
		04C73CDA2B1881F6005D7F38 /* ChatViewController.swift in Sources */ = {isa = PBXBuildFile; fileRef = 04C73CD92B1881F6005D7F38 /* ChatViewController.swift */; };
		04D08D132AF79F1F004C2E7E /* AppDelegate.swift in Sources */ = {isa = PBXBuildFile; fileRef = 04D08D122AF79F1F004C2E7E /* AppDelegate.swift */; };
		04D08D152AF79F1F004C2E7E /* SceneDelegate.swift in Sources */ = {isa = PBXBuildFile; fileRef = 04D08D142AF79F1F004C2E7E /* SceneDelegate.swift */; };
		04D08D1A2AF79F1F004C2E7E /* Main.storyboard in Resources */ = {isa = PBXBuildFile; fileRef = 04D08D182AF79F1F004C2E7E /* Main.storyboard */; };
		04D08D1C2AF79F22004C2E7E /* Assets.xcassets in Resources */ = {isa = PBXBuildFile; fileRef = 04D08D1B2AF79F22004C2E7E /* Assets.xcassets */; };
		04D08D1F2AF79F22004C2E7E /* LaunchScreen.storyboard in Resources */ = {isa = PBXBuildFile; fileRef = 04D08D1D2AF79F22004C2E7E /* LaunchScreen.storyboard */; };
		04D112A32B0A0109009B9EB4 /* Harmattan-Regular.ttf in Resources */ = {isa = PBXBuildFile; fileRef = 04D112A22B0A0109009B9EB4 /* Harmattan-Regular.ttf */; };
		04D112A52B0A05AA009B9EB4 /* Harmattan-Bold.ttf in Resources */ = {isa = PBXBuildFile; fileRef = 04D112A42B0A05AA009B9EB4 /* Harmattan-Bold.ttf */; };
		04DB69952B232AED0074569A /* UserManager.swift in Sources */ = {isa = PBXBuildFile; fileRef = 04DB69942B232AED0074569A /* UserManager.swift */; };
		04DB69972B232B110074569A /* Message.swift in Sources */ = {isa = PBXBuildFile; fileRef = 04DB69962B232B110074569A /* Message.swift */; };
		04DC0F392B0BF8800077FE2B /* IngredientsData.json in Resources */ = {isa = PBXBuildFile; fileRef = 04DC0F382B0BF8800077FE2B /* IngredientsData.json */; };
		04DC0F3B2B0BF8900077FE2B /* cookingPotBlue.json in Resources */ = {isa = PBXBuildFile; fileRef = 04DC0F3A2B0BF8900077FE2B /* cookingPotBlue.json */; };
		04E427082AF8D6DE00E32CF5 /* RestaurantsData.json in Resources */ = {isa = PBXBuildFile; fileRef = 04E427072AF8D6DE00E32CF5 /* RestaurantsData.json */; };
		04E4270A2AF8F2F500E32CF5 /* RestaurantDetails.swift in Sources */ = {isa = PBXBuildFile; fileRef = 04E427092AF8F2F500E32CF5 /* RestaurantDetails.swift */; };
		04EB58262B021EAB0035D5A4 /* NotoKufiArabic-VariableFont_wght.ttf in Resources */ = {isa = PBXBuildFile; fileRef = 04EB58252B021EAB0035D5A4 /* NotoKufiArabic-VariableFont_wght.ttf */; };
		04F501602B0235B2008820C6 /* LaunchScreenController.swift in Sources */ = {isa = PBXBuildFile; fileRef = 04F5015F2B0235B2008820C6 /* LaunchScreenController.swift */; };
		04FD42792B2F8A4800010D69 /* AudioManager.swift in Sources */ = {isa = PBXBuildFile; fileRef = 04FD42782B2F8A4800010D69 /* AudioManager.swift */; };
		04FD8E0B2B0F3C4800EB9941 /* ProfileViewController.swift in Sources */ = {isa = PBXBuildFile; fileRef = 04FD8E0A2B0F3C4800EB9941 /* ProfileViewController.swift */; };
		04FD8E102B0F598200EB9941 /* UserResult.swift in Sources */ = {isa = PBXBuildFile; fileRef = 04FD8E0F2B0F598200EB9941 /* UserResult.swift */; };
		04FD8E122B0F5D2200EB9941 /* UserApi.swift in Sources */ = {isa = PBXBuildFile; fileRef = 04FD8E112B0F5D2200EB9941 /* UserApi.swift */; };
		04FD8E172B0FEF0300EB9941 /* Localizable.strings in Resources */ = {isa = PBXBuildFile; fileRef = 04FD8E192B0FEF0300EB9941 /* Localizable.strings */; };
		3F24F946D0BE8214D935CFBE /* Pods_Foodie.framework in Frameworks */ = {isa = PBXBuildFile; fileRef = F57396E686F5F0D516E54C0C /* Pods_Foodie.framework */; };
/* End PBXBuildFile section */

/* Begin PBXFileReference section */
		0412220C2B0382120013A273 /* LoginViewController.swift */ = {isa = PBXFileReference; lastKnownFileType = sourcecode.swift; path = LoginViewController.swift; sourceTree = "<group>"; };
		041519E02B1D03E900053B0A /* TextIncomingMessageCell.swift */ = {isa = PBXFileReference; lastKnownFileType = sourcecode.swift; path = TextIncomingMessageCell.swift; sourceTree = "<group>"; };
		041519E12B1D03E900053B0A /* TextIncomingMessageCell.xib */ = {isa = PBXFileReference; lastKnownFileType = file.xib; path = TextIncomingMessageCell.xib; sourceTree = "<group>"; };
		041519E42B1D089900053B0A /* ImageOutgoingMessageCell.swift */ = {isa = PBXFileReference; lastKnownFileType = sourcecode.swift; path = ImageOutgoingMessageCell.swift; sourceTree = "<group>"; };
		041519E52B1D089900053B0A /* ImageOutgoingMessageCell.xib */ = {isa = PBXFileReference; lastKnownFileType = file.xib; path = ImageOutgoingMessageCell.xib; sourceTree = "<group>"; };
		041641D72AFD24B70054CCAC /* RestaurantViewController.swift */ = {isa = PBXFileReference; lastKnownFileType = sourcecode.swift; path = RestaurantViewController.swift; sourceTree = "<group>"; };
		041641DF2AFD2E5E0054CCAC /* RestaurantCollectionViewCell.swift */ = {isa = PBXFileReference; lastKnownFileType = sourcecode.swift; path = RestaurantCollectionViewCell.swift; sourceTree = "<group>"; };
		041641E02AFD2E5E0054CCAC /* RestaurantCollectionViewCell.xib */ = {isa = PBXFileReference; lastKnownFileType = file.xib; path = RestaurantCollectionViewCell.xib; sourceTree = "<group>"; };
		0424831D2B11ECD200B84CB0 /* ProfileTableViewCell.swift */ = {isa = PBXFileReference; lastKnownFileType = sourcecode.swift; path = ProfileTableViewCell.swift; sourceTree = "<group>"; };
		0424831E2B11ECD200B84CB0 /* ProfileTableViewCell.xib */ = {isa = PBXFileReference; lastKnownFileType = file.xib; path = ProfileTableViewCell.xib; sourceTree = "<group>"; };
		04285EF22B023EA100461CFE /* Loadingbbb.json */ = {isa = PBXFileReference; fileEncoding = 4; lastKnownFileType = text.json; path = Loadingbbb.json; sourceTree = "<group>"; };
		042F7F792B29AD78004D501E /* AudioOutgoingMessageCell.swift */ = {isa = PBXFileReference; lastKnownFileType = sourcecode.swift; path = AudioOutgoingMessageCell.swift; sourceTree = "<group>"; };
		042F7F7A2B29AD78004D501E /* AudioOutgoingMessageCell.xib */ = {isa = PBXFileReference; lastKnownFileType = file.xib; path = AudioOutgoingMessageCell.xib; sourceTree = "<group>"; };
		042F7F7D2B29AD99004D501E /* AudioIncomingMessageCell.swift */ = {isa = PBXFileReference; lastKnownFileType = sourcecode.swift; path = AudioIncomingMessageCell.swift; sourceTree = "<group>"; };
		042F7F7E2B29AD99004D501E /* AudioIncomingMessageCell.xib */ = {isa = PBXFileReference; lastKnownFileType = file.xib; path = AudioIncomingMessageCell.xib; sourceTree = "<group>"; };
		043325012AFC2D6000452C1E /* PageViewController.swift */ = {isa = PBXFileReference; lastKnownFileType = sourcecode.swift; path = PageViewController.swift; sourceTree = "<group>"; };
		043325032AFC2D9D00452C1E /* PageCollectionViewCell.swift */ = {isa = PBXFileReference; lastKnownFileType = sourcecode.swift; path = PageCollectionViewCell.swift; sourceTree = "<group>"; };
		0441F3F72B0B5B22009E8043 /* HomeViewController.swift */ = {isa = PBXFileReference; lastKnownFileType = sourcecode.swift; path = HomeViewController.swift; sourceTree = "<group>"; };
		044CC8CB2B1938D500CAE3B8 /* UITableViewExtension.swift */ = {isa = PBXFileReference; lastKnownFileType = sourcecode.swift; path = UITableViewExtension.swift; sourceTree = "<group>"; };
		044E1E3A2AFD4ABB006E554E /* RestaurantTableViewCell.swift */ = {isa = PBXFileReference; lastKnownFileType = sourcecode.swift; path = RestaurantTableViewCell.swift; sourceTree = "<group>"; };
		0455BD3A2AF7F518006218AB /* RestaurantsList.swift */ = {isa = PBXFileReference; lastKnownFileType = sourcecode.swift; path = RestaurantsList.swift; sourceTree = "<group>"; };
		0455BD3E2AF7FD85006218AB /* RestaurantCell.swift */ = {isa = PBXFileReference; lastKnownFileType = sourcecode.swift; path = RestaurantCell.swift; sourceTree = "<group>"; };
		0455BD402AF7FFB1006218AB /* Restaurant.swift */ = {isa = PBXFileReference; lastKnownFileType = sourcecode.swift; path = Restaurant.swift; sourceTree = "<group>"; };
		04567A052B2CB50900ADD4BC /* TextAndImageOutgoingMessageCell.swift */ = {isa = PBXFileReference; lastKnownFileType = sourcecode.swift; path = TextAndImageOutgoingMessageCell.swift; sourceTree = "<group>"; };
		04567A062B2CB50900ADD4BC /* TextAndImageOutgoingMessageCell.xib */ = {isa = PBXFileReference; lastKnownFileType = file.xib; path = TextAndImageOutgoingMessageCell.xib; sourceTree = "<group>"; };
		04567A092B2CD11D00ADD4BC /* TextAndImageIncomingMessageCell.swift */ = {isa = PBXFileReference; lastKnownFileType = sourcecode.swift; path = TextAndImageIncomingMessageCell.swift; sourceTree = "<group>"; };
		04567A0A2B2CD11D00ADD4BC /* TextAndImageIncomingMessageCell.xib */ = {isa = PBXFileReference; lastKnownFileType = file.xib; path = TextAndImageIncomingMessageCell.xib; sourceTree = "<group>"; };
		045A7A352AFAD7F400C29688 /* RestaurantServiceManager.swift */ = {isa = PBXFileReference; lastKnownFileType = sourcecode.swift; path = RestaurantServiceManager.swift; sourceTree = "<group>"; };
		046A74FC2B1935A3002F62E2 /* TextOutgoingMessageCell.swift */ = {isa = PBXFileReference; lastKnownFileType = sourcecode.swift; path = TextOutgoingMessageCell.swift; sourceTree = "<group>"; };
		046A74FD2B1935A3002F62E2 /* TextOutgoingMessageCell.xib */ = {isa = PBXFileReference; lastKnownFileType = file.xib; path = TextOutgoingMessageCell.xib; sourceTree = "<group>"; };
		046A75002B1935C2002F62E2 /* ImageIncomingMessageCell.swift */ = {isa = PBXFileReference; lastKnownFileType = sourcecode.swift; path = ImageIncomingMessageCell.swift; sourceTree = "<group>"; };
		046A75012B1935C2002F62E2 /* ImageIncomingMessageCell.xib */ = {isa = PBXFileReference; lastKnownFileType = file.xib; path = ImageIncomingMessageCell.xib; sourceTree = "<group>"; };
		0480428A2B14BAD4001406FA /* EditProfile.swift */ = {isa = PBXFileReference; lastKnownFileType = sourcecode.swift; path = EditProfile.swift; sourceTree = "<group>"; };
		0483A76A2B41A54C0012AFF0 /* CommunityViewController.swift */ = {isa = PBXFileReference; lastKnownFileType = sourcecode.swift; path = CommunityViewController.swift; sourceTree = "<group>"; };
		0483A76D2B41CC560012AFF0 /* Post.swift */ = {isa = PBXFileReference; lastKnownFileType = sourcecode.swift; path = Post.swift; sourceTree = "<group>"; };
		0483A76F2B41CF3B0012AFF0 /* PostCell.swift */ = {isa = PBXFileReference; lastKnownFileType = sourcecode.swift; path = PostCell.swift; sourceTree = "<group>"; };
		0483A7702B41CF3B0012AFF0 /* PostCell.xib */ = {isa = PBXFileReference; lastKnownFileType = file.xib; path = PostCell.xib; sourceTree = "<group>"; };
		0483A7732B4205F60012AFF0 /* StoryCollectionViewCell.swift */ = {isa = PBXFileReference; lastKnownFileType = sourcecode.swift; path = StoryCollectionViewCell.swift; sourceTree = "<group>"; };
		0483A7742B4205F60012AFF0 /* StoryCollectionViewCell.xib */ = {isa = PBXFileReference; lastKnownFileType = file.xib; path = StoryCollectionViewCell.xib; sourceTree = "<group>"; };
		04BF4AF12B0CD3DF0000EB36 /* Ingredients.swift */ = {isa = PBXFileReference; lastKnownFileType = sourcecode.swift; path = Ingredients.swift; sourceTree = "<group>"; };
		04BF4AF32B0CD4940000EB36 /* IngredientsServiceManager.swift */ = {isa = PBXFileReference; lastKnownFileType = sourcecode.swift; path = IngredientsServiceManager.swift; sourceTree = "<group>"; };
		04BF4AF52B0D02EC0000EB36 /* IngredientsCollectionViewCell.swift */ = {isa = PBXFileReference; lastKnownFileType = sourcecode.swift; path = IngredientsCollectionViewCell.swift; sourceTree = "<group>"; };
		04BF4AF62B0D02EC0000EB36 /* IngredientsCollectionViewCell.xib */ = {isa = PBXFileReference; lastKnownFileType = file.xib; path = IngredientsCollectionViewCell.xib; sourceTree = "<group>"; };
		04C73CD92B1881F6005D7F38 /* ChatViewController.swift */ = {isa = PBXFileReference; lastKnownFileType = sourcecode.swift; path = ChatViewController.swift; sourceTree = "<group>"; };
		04D08D0F2AF79F1F004C2E7E /* Foodie.app */ = {isa = PBXFileReference; explicitFileType = wrapper.application; includeInIndex = 0; path = Foodie.app; sourceTree = BUILT_PRODUCTS_DIR; };
		04D08D122AF79F1F004C2E7E /* AppDelegate.swift */ = {isa = PBXFileReference; lastKnownFileType = sourcecode.swift; path = AppDelegate.swift; sourceTree = "<group>"; };
		04D08D142AF79F1F004C2E7E /* SceneDelegate.swift */ = {isa = PBXFileReference; lastKnownFileType = sourcecode.swift; path = SceneDelegate.swift; sourceTree = "<group>"; };
		04D08D192AF79F1F004C2E7E /* Base */ = {isa = PBXFileReference; lastKnownFileType = file.storyboard; name = Base; path = Base.lproj/Main.storyboard; sourceTree = "<group>"; };
		04D08D1B2AF79F22004C2E7E /* Assets.xcassets */ = {isa = PBXFileReference; lastKnownFileType = folder.assetcatalog; path = Assets.xcassets; sourceTree = "<group>"; };
		04D08D1E2AF79F22004C2E7E /* Base */ = {isa = PBXFileReference; lastKnownFileType = file.storyboard; name = Base; path = Base.lproj/LaunchScreen.storyboard; sourceTree = "<group>"; };
		04D08D202AF79F22004C2E7E /* Info.plist */ = {isa = PBXFileReference; lastKnownFileType = text.plist.xml; path = Info.plist; sourceTree = "<group>"; };
		04D112A22B0A0109009B9EB4 /* Harmattan-Regular.ttf */ = {isa = PBXFileReference; lastKnownFileType = file; path = "Harmattan-Regular.ttf"; sourceTree = "<group>"; };
		04D112A42B0A05AA009B9EB4 /* Harmattan-Bold.ttf */ = {isa = PBXFileReference; lastKnownFileType = file; path = "Harmattan-Bold.ttf"; sourceTree = "<group>"; };
		04DB69942B232AED0074569A /* UserManager.swift */ = {isa = PBXFileReference; lastKnownFileType = sourcecode.swift; path = UserManager.swift; sourceTree = "<group>"; };
		04DB69962B232B110074569A /* Message.swift */ = {isa = PBXFileReference; lastKnownFileType = sourcecode.swift; path = Message.swift; sourceTree = "<group>"; };
		04DC0F382B0BF8800077FE2B /* IngredientsData.json */ = {isa = PBXFileReference; fileEncoding = 4; lastKnownFileType = text.json; path = IngredientsData.json; sourceTree = "<group>"; };
		04DC0F3A2B0BF8900077FE2B /* cookingPotBlue.json */ = {isa = PBXFileReference; fileEncoding = 4; lastKnownFileType = text.json; path = cookingPotBlue.json; sourceTree = "<group>"; };
		04E427072AF8D6DE00E32CF5 /* RestaurantsData.json */ = {isa = PBXFileReference; fileEncoding = 4; lastKnownFileType = text.json; path = RestaurantsData.json; sourceTree = "<group>"; };
		04E427092AF8F2F500E32CF5 /* RestaurantDetails.swift */ = {isa = PBXFileReference; lastKnownFileType = sourcecode.swift; path = RestaurantDetails.swift; sourceTree = "<group>"; };
		04EB58252B021EAB0035D5A4 /* NotoKufiArabic-VariableFont_wght.ttf */ = {isa = PBXFileReference; lastKnownFileType = file; path = "NotoKufiArabic-VariableFont_wght.ttf"; sourceTree = "<group>"; };
		04F5015F2B0235B2008820C6 /* LaunchScreenController.swift */ = {isa = PBXFileReference; lastKnownFileType = sourcecode.swift; path = LaunchScreenController.swift; sourceTree = "<group>"; };
		04FD42782B2F8A4800010D69 /* AudioManager.swift */ = {isa = PBXFileReference; lastKnownFileType = sourcecode.swift; path = AudioManager.swift; sourceTree = "<group>"; };
		04FD8E0A2B0F3C4800EB9941 /* ProfileViewController.swift */ = {isa = PBXFileReference; lastKnownFileType = sourcecode.swift; path = ProfileViewController.swift; sourceTree = "<group>"; };
		04FD8E0F2B0F598200EB9941 /* UserResult.swift */ = {isa = PBXFileReference; lastKnownFileType = sourcecode.swift; path = UserResult.swift; sourceTree = "<group>"; };
		04FD8E112B0F5D2200EB9941 /* UserApi.swift */ = {isa = PBXFileReference; lastKnownFileType = sourcecode.swift; path = UserApi.swift; sourceTree = "<group>"; };
		04FD8E132B0FECB300EB9941 /* ar */ = {isa = PBXFileReference; lastKnownFileType = text.plist.strings; name = ar; path = ar.lproj/Main.strings; sourceTree = "<group>"; };
		04FD8E142B0FECB300EB9941 /* ar */ = {isa = PBXFileReference; lastKnownFileType = text.plist.strings; name = ar; path = ar.lproj/LaunchScreen.strings; sourceTree = "<group>"; };
		04FD8E182B0FEF0300EB9941 /* ar */ = {isa = PBXFileReference; fileEncoding = 4; lastKnownFileType = text.plist.strings; lineEnding = 0; name = ar; path = ar.lproj/Localizable.strings; sourceTree = "<group>"; };
		04FD8E1A2B0FEF1F00EB9941 /* en */ = {isa = PBXFileReference; fileEncoding = 4; lastKnownFileType = text.plist.strings; name = en; path = en.lproj/Localizable.strings; sourceTree = "<group>"; };
		441D545B2ACEA486259CF649 /* Pods-Foodie.debug.xcconfig */ = {isa = PBXFileReference; includeInIndex = 1; lastKnownFileType = text.xcconfig; name = "Pods-Foodie.debug.xcconfig"; path = "Target Support Files/Pods-Foodie/Pods-Foodie.debug.xcconfig"; sourceTree = "<group>"; };
		5DBCB224C774BBE67C855047 /* Pods-Foodie.release.xcconfig */ = {isa = PBXFileReference; includeInIndex = 1; lastKnownFileType = text.xcconfig; name = "Pods-Foodie.release.xcconfig"; path = "Target Support Files/Pods-Foodie/Pods-Foodie.release.xcconfig"; sourceTree = "<group>"; };
		F57396E686F5F0D516E54C0C /* Pods_Foodie.framework */ = {isa = PBXFileReference; explicitFileType = wrapper.framework; includeInIndex = 0; path = Pods_Foodie.framework; sourceTree = BUILT_PRODUCTS_DIR; };
/* End PBXFileReference section */

/* Begin PBXFrameworksBuildPhase section */
		04D08D0C2AF79F1F004C2E7E /* Frameworks */ = {
			isa = PBXFrameworksBuildPhase;
			buildActionMask = 2147483647;
			files = (
				3F24F946D0BE8214D935CFBE /* Pods_Foodie.framework in Frameworks */,
			);
			runOnlyForDeploymentPostprocessing = 0;
		};
/* End PBXFrameworksBuildPhase section */

/* Begin PBXGroup section */
		041641C82AFCE63A0054CCAC /* CollectionView */ = {
			isa = PBXGroup;
			children = (
				041641D72AFD24B70054CCAC /* RestaurantViewController.swift */,
				044E1E3A2AFD4ABB006E554E /* RestaurantTableViewCell.swift */,
				041641DF2AFD2E5E0054CCAC /* RestaurantCollectionViewCell.swift */,
				041641E02AFD2E5E0054CCAC /* RestaurantCollectionViewCell.xib */,
			);
			path = CollectionView;
			sourceTree = "<group>";
		};
		042483212B11EEE900B84CB0 /* Profile */ = {
			isa = PBXGroup;
			children = (
				04FD8E0F2B0F598200EB9941 /* UserResult.swift */,
				04FD8E112B0F5D2200EB9941 /* UserApi.swift */,
			);
			path = Profile;
			sourceTree = "<group>";
		};
		043325002AFC2D2200452C1E /* Featured */ = {
			isa = PBXGroup;
			children = (
				0478B8F12B02B8980054818E /* PagingView */,
				041641C82AFCE63A0054CCAC /* CollectionView */,
			);
			path = Featured;
			sourceTree = "<group>";
		};
		0456DFB72B053FE6003BA658 /* List */ = {
			isa = PBXGroup;
			children = (
				0455BD3A2AF7F518006218AB /* RestaurantsList.swift */,
				0455BD3E2AF7FD85006218AB /* RestaurantCell.swift */,
				04E427092AF8F2F500E32CF5 /* RestaurantDetails.swift */,
			);
			path = List;
			sourceTree = "<group>";
		};
		045A7A342AFAD6B300C29688 /* Resources */ = {
			isa = PBXGroup;
			children = (
				04E427072AF8D6DE00E32CF5 /* RestaurantsData.json */,
				04DC0F382B0BF8800077FE2B /* IngredientsData.json */,
				04EB58242B021D360035D5A4 /* Animations Lottie */,
				04EB58232B021D220035D5A4 /* Fonts */,
			);
			path = Resources;
			sourceTree = "<group>";
		};
		046A74FB2B19355D002F62E2 /* Message Cells */ = {
			isa = PBXGroup;
			children = (
				046A74FC2B1935A3002F62E2 /* TextOutgoingMessageCell.swift */,
				046A74FD2B1935A3002F62E2 /* TextOutgoingMessageCell.xib */,
				041519E02B1D03E900053B0A /* TextIncomingMessageCell.swift */,
				041519E12B1D03E900053B0A /* TextIncomingMessageCell.xib */,
				046A75002B1935C2002F62E2 /* ImageIncomingMessageCell.swift */,
				046A75012B1935C2002F62E2 /* ImageIncomingMessageCell.xib */,
				041519E42B1D089900053B0A /* ImageOutgoingMessageCell.swift */,
				041519E52B1D089900053B0A /* ImageOutgoingMessageCell.xib */,
				042F7F792B29AD78004D501E /* AudioOutgoingMessageCell.swift */,
				042F7F7A2B29AD78004D501E /* AudioOutgoingMessageCell.xib */,
				042F7F7D2B29AD99004D501E /* AudioIncomingMessageCell.swift */,
				042F7F7E2B29AD99004D501E /* AudioIncomingMessageCell.xib */,
				04567A052B2CB50900ADD4BC /* TextAndImageOutgoingMessageCell.swift */,
				04567A062B2CB50900ADD4BC /* TextAndImageOutgoingMessageCell.xib */,
				04567A092B2CD11D00ADD4BC /* TextAndImageIncomingMessageCell.swift */,
				04567A0A2B2CD11D00ADD4BC /* TextAndImageIncomingMessageCell.xib */,
			);
			path = "Message Cells";
			sourceTree = "<group>";
		};
		0478B8F12B02B8980054818E /* PagingView */ = {
			isa = PBXGroup;
			children = (
				043325012AFC2D6000452C1E /* PageViewController.swift */,
				043325032AFC2D9D00452C1E /* PageCollectionViewCell.swift */,
			);
			path = PagingView;
			sourceTree = "<group>";
		};
		0480428C2B152409001406FA /* Localization */ = {
			isa = PBXGroup;
			children = (
				04FD8E192B0FEF0300EB9941 /* Localizable.strings */,
			);
			path = Localization;
			sourceTree = "<group>";
		};
		0483A76C2B41A5530012AFF0 /* Community */ = {
			isa = PBXGroup;
			children = (
				0483A76A2B41A54C0012AFF0 /* CommunityViewController.swift */,
				0483A76F2B41CF3B0012AFF0 /* PostCell.swift */,
				0483A7702B41CF3B0012AFF0 /* PostCell.xib */,
				0483A7732B4205F60012AFF0 /* StoryCollectionViewCell.swift */,
				0483A7742B4205F60012AFF0 /* StoryCollectionViewCell.xib */,
			);
			path = Community;
			sourceTree = "<group>";
		};
		04B838342B13EB0200494F49 /* Restaurant */ = {
			isa = PBXGroup;
			children = (
				0455BD402AF7FFB1006218AB /* Restaurant.swift */,
				045A7A352AFAD7F400C29688 /* RestaurantServiceManager.swift */,
			);
			path = Restaurant;
			sourceTree = "<group>";
		};
		04BF4AF92B0D04100000EB36 /* Home */ = {
			isa = PBXGroup;
			children = (
				04BF4AF12B0CD3DF0000EB36 /* Ingredients.swift */,
				04BF4AF32B0CD4940000EB36 /* IngredientsServiceManager.swift */,
			);
			path = Home;
			sourceTree = "<group>";
		};
		04C73CD82B1881CE005D7F38 /* Chat */ = {
			isa = PBXGroup;
			children = (
				046A74FB2B19355D002F62E2 /* Message Cells */,
				04C73CD92B1881F6005D7F38 /* ChatViewController.swift */,
			);
			path = Chat;
			sourceTree = "<group>";
		};
		04D08D062AF79F1F004C2E7E = {
			isa = PBXGroup;
			children = (
				04D08D112AF79F1F004C2E7E /* Foodie */,
				04D08D102AF79F1F004C2E7E /* Products */,
				A21DEC89818B933B6A87B5DC /* Pods */,
				93B45B84C9182E69D047845E /* Frameworks */,
			);
			sourceTree = "<group>";
		};
		04D08D102AF79F1F004C2E7E /* Products */ = {
			isa = PBXGroup;
			children = (
				04D08D0F2AF79F1F004C2E7E /* Foodie.app */,
			);
			name = Products;
			sourceTree = "<group>";
		};
		04D08D112AF79F1F004C2E7E /* Foodie */ = {
			isa = PBXGroup;
			children = (
				04D08D282AF79F41004C2E7E /* Controllers */,
				04D08D272AF79F3B004C2E7E /* Model */,
				04D08D262AF79F31004C2E7E /* View */,
				045A7A342AFAD6B300C29688 /* Resources */,
				0480428C2B152409001406FA /* Localization */,
				04D08D1B2AF79F22004C2E7E /* Assets.xcassets */,
				04D08D202AF79F22004C2E7E /* Info.plist */,
			);
			path = Foodie;
			sourceTree = "<group>";
		};
		04D08D262AF79F31004C2E7E /* View */ = {
			isa = PBXGroup;
			children = (
				04D08D182AF79F1F004C2E7E /* Main.storyboard */,
				04D08D1D2AF79F22004C2E7E /* LaunchScreen.storyboard */,
			);
			path = View;
			sourceTree = "<group>";
		};
		04D08D272AF79F3B004C2E7E /* Model */ = {
			isa = PBXGroup;
			children = (
				04B838342B13EB0200494F49 /* Restaurant */,
				04BF4AF92B0D04100000EB36 /* Home */,
				042483212B11EEE900B84CB0 /* Profile */,
				04DB69942B232AED0074569A /* UserManager.swift */,
				04DB69962B232B110074569A /* Message.swift */,
				04FD42782B2F8A4800010D69 /* AudioManager.swift */,
				0483A76D2B41CC560012AFF0 /* Post.swift */,
			);
			path = Model;
			sourceTree = "<group>";
		};
		04D08D282AF79F41004C2E7E /* Controllers */ = {
			isa = PBXGroup;
			children = (
				04DC0F3C2B0BFE240077FE2B /* Home */,
				043325002AFC2D2200452C1E /* Featured */,
				0456DFB72B053FE6003BA658 /* List */,
				04FD8E0C2B0F3C5000EB9941 /* Profile */,
				0412220C2B0382120013A273 /* LoginViewController.swift */,
				04F5015F2B0235B2008820C6 /* LaunchScreenController.swift */,
				044CC8CB2B1938D500CAE3B8 /* UITableViewExtension.swift */,
				04D08D122AF79F1F004C2E7E /* AppDelegate.swift */,
				04D08D142AF79F1F004C2E7E /* SceneDelegate.swift */,
			);
			path = Controllers;
			sourceTree = "<group>";
		};
		04D0BF342B1E87FA0084A7BF /* Profile View */ = {
			isa = PBXGroup;
			children = (
				04FD8E0A2B0F3C4800EB9941 /* ProfileViewController.swift */,
				0424831D2B11ECD200B84CB0 /* ProfileTableViewCell.swift */,
				0424831E2B11ECD200B84CB0 /* ProfileTableViewCell.xib */,
			);
			path = "Profile View";
			sourceTree = "<group>";
		};
		04D0BF352B1E8B420084A7BF /* EditView */ = {
			isa = PBXGroup;
			children = (
				0480428A2B14BAD4001406FA /* EditProfile.swift */,
			);
			path = EditView;
			sourceTree = "<group>";
		};
		04DC0F3C2B0BFE240077FE2B /* Home */ = {
			isa = PBXGroup;
			children = (
				0441F3F72B0B5B22009E8043 /* HomeViewController.swift */,
				04BF4AF52B0D02EC0000EB36 /* IngredientsCollectionViewCell.swift */,
				04BF4AF62B0D02EC0000EB36 /* IngredientsCollectionViewCell.xib */,
			);
			path = Home;
			sourceTree = "<group>";
		};
		04EB58232B021D220035D5A4 /* Fonts */ = {
			isa = PBXGroup;
			children = (
				04EB58252B021EAB0035D5A4 /* NotoKufiArabic-VariableFont_wght.ttf */,
				04D112A22B0A0109009B9EB4 /* Harmattan-Regular.ttf */,
				04D112A42B0A05AA009B9EB4 /* Harmattan-Bold.ttf */,
			);
			path = Fonts;
			sourceTree = "<group>";
		};
		04EB58242B021D360035D5A4 /* Animations Lottie */ = {
			isa = PBXGroup;
			children = (
				04285EF22B023EA100461CFE /* Loadingbbb.json */,
				04DC0F3A2B0BF8900077FE2B /* cookingPotBlue.json */,
			);
			path = "Animations Lottie";
			sourceTree = "<group>";
		};
		04FD8E0C2B0F3C5000EB9941 /* Profile */ = {
			isa = PBXGroup;
			children = (
				04D0BF342B1E87FA0084A7BF /* Profile View */,
				04D0BF352B1E8B420084A7BF /* EditView */,
				04C73CD82B1881CE005D7F38 /* Chat */,
				0483A76C2B41A5530012AFF0 /* Community */,
			);
			path = Profile;
			sourceTree = "<group>";
		};
		93B45B84C9182E69D047845E /* Frameworks */ = {
			isa = PBXGroup;
			children = (
				F57396E686F5F0D516E54C0C /* Pods_Foodie.framework */,
			);
			name = Frameworks;
			sourceTree = "<group>";
		};
		A21DEC89818B933B6A87B5DC /* Pods */ = {
			isa = PBXGroup;
			children = (
				441D545B2ACEA486259CF649 /* Pods-Foodie.debug.xcconfig */,
				5DBCB224C774BBE67C855047 /* Pods-Foodie.release.xcconfig */,
			);
			path = Pods;
			sourceTree = "<group>";
		};
/* End PBXGroup section */

/* Begin PBXNativeTarget section */
		04D08D0E2AF79F1F004C2E7E /* Foodie */ = {
			isa = PBXNativeTarget;
			buildConfigurationList = 04D08D232AF79F22004C2E7E /* Build configuration list for PBXNativeTarget "Foodie" */;
			buildPhases = (
				9B3E8081FE19A80C7D1A2456 /* [CP] Check Pods Manifest.lock */,
				04D08D0B2AF79F1F004C2E7E /* Sources */,
				04D08D0C2AF79F1F004C2E7E /* Frameworks */,
				04D08D0D2AF79F1F004C2E7E /* Resources */,
				F2610D959E3998E7A5DADA18 /* [CP] Embed Pods Frameworks */,
			);
			buildRules = (
			);
			dependencies = (
			);
			name = Foodie;
			productName = Foodie;
			productReference = 04D08D0F2AF79F1F004C2E7E /* Foodie.app */;
			productType = "com.apple.product-type.application";
		};
/* End PBXNativeTarget section */

/* Begin PBXProject section */
		04D08D072AF79F1F004C2E7E /* Project object */ = {
			isa = PBXProject;
			attributes = {
				BuildIndependentTargetsInParallel = 1;
				LastSwiftUpdateCheck = 1500;
				LastUpgradeCheck = 1500;
				TargetAttributes = {
					04D08D0E2AF79F1F004C2E7E = {
						CreatedOnToolsVersion = 15.0;
					};
				};
			};
			buildConfigurationList = 04D08D0A2AF79F1F004C2E7E /* Build configuration list for PBXProject "Foodie" */;
			compatibilityVersion = "Xcode 14.0";
			developmentRegion = ar;
			hasScannedForEncodings = 0;
			knownRegions = (
				en,
				Base,
				ar,
			);
			mainGroup = 04D08D062AF79F1F004C2E7E;
			productRefGroup = 04D08D102AF79F1F004C2E7E /* Products */;
			projectDirPath = "";
			projectRoot = "";
			targets = (
				04D08D0E2AF79F1F004C2E7E /* Foodie */,
			);
		};
/* End PBXProject section */

/* Begin PBXResourcesBuildPhase section */
		04D08D0D2AF79F1F004C2E7E /* Resources */ = {
			isa = PBXResourcesBuildPhase;
			buildActionMask = 2147483647;
			files = (
				042F7F802B29AD99004D501E /* AudioIncomingMessageCell.xib in Resources */,
				04D112A52B0A05AA009B9EB4 /* Harmattan-Bold.ttf in Resources */,
				04D112A32B0A0109009B9EB4 /* Harmattan-Regular.ttf in Resources */,
				04D08D1F2AF79F22004C2E7E /* LaunchScreen.storyboard in Resources */,
				0483A7762B4205F60012AFF0 /* StoryCollectionViewCell.xib in Resources */,
				04567A0C2B2CD11D00ADD4BC /* TextAndImageIncomingMessageCell.xib in Resources */,
				042483202B11ECD200B84CB0 /* ProfileTableViewCell.xib in Resources */,
				04D08D1C2AF79F22004C2E7E /* Assets.xcassets in Resources */,
				041641E22AFD2E5E0054CCAC /* RestaurantCollectionViewCell.xib in Resources */,
				04E427082AF8D6DE00E32CF5 /* RestaurantsData.json in Resources */,
				04DC0F392B0BF8800077FE2B /* IngredientsData.json in Resources */,
				04BF4AF82B0D02EC0000EB36 /* IngredientsCollectionViewCell.xib in Resources */,
				041519E72B1D089900053B0A /* ImageOutgoingMessageCell.xib in Resources */,
				04285EF32B023EA100461CFE /* Loadingbbb.json in Resources */,
				046A74FF2B1935A3002F62E2 /* TextOutgoingMessageCell.xib in Resources */,
				04567A082B2CB50900ADD4BC /* TextAndImageOutgoingMessageCell.xib in Resources */,
				042F7F7C2B29AD78004D501E /* AudioOutgoingMessageCell.xib in Resources */,
				041519E32B1D03E900053B0A /* TextIncomingMessageCell.xib in Resources */,
				04FD8E172B0FEF0300EB9941 /* Localizable.strings in Resources */,
				04EB58262B021EAB0035D5A4 /* NotoKufiArabic-VariableFont_wght.ttf in Resources */,
				0483A7722B41CF3B0012AFF0 /* PostCell.xib in Resources */,
				046A75032B1935C2002F62E2 /* ImageIncomingMessageCell.xib in Resources */,
				04DC0F3B2B0BF8900077FE2B /* cookingPotBlue.json in Resources */,
				04D08D1A2AF79F1F004C2E7E /* Main.storyboard in Resources */,
			);
			runOnlyForDeploymentPostprocessing = 0;
		};
/* End PBXResourcesBuildPhase section */

/* Begin PBXShellScriptBuildPhase section */
		9B3E8081FE19A80C7D1A2456 /* [CP] Check Pods Manifest.lock */ = {
			isa = PBXShellScriptBuildPhase;
			buildActionMask = 2147483647;
			files = (
			);
			inputFileListPaths = (
			);
			inputPaths = (
				"${PODS_PODFILE_DIR_PATH}/Podfile.lock",
				"${PODS_ROOT}/Manifest.lock",
			);
			name = "[CP] Check Pods Manifest.lock";
			outputFileListPaths = (
			);
			outputPaths = (
				"$(DERIVED_FILE_DIR)/Pods-Foodie-checkManifestLockResult.txt",
			);
			runOnlyForDeploymentPostprocessing = 0;
			shellPath = /bin/sh;
			shellScript = "diff \"${PODS_PODFILE_DIR_PATH}/Podfile.lock\" \"${PODS_ROOT}/Manifest.lock\" > /dev/null\nif [ $? != 0 ] ; then\n    # print error to STDERR\n    echo \"error: The sandbox is not in sync with the Podfile.lock. Run 'pod install' or update your CocoaPods installation.\" >&2\n    exit 1\nfi\n# This output is used by Xcode 'outputs' to avoid re-running this script phase.\necho \"SUCCESS\" > \"${SCRIPT_OUTPUT_FILE_0}\"\n";
			showEnvVarsInLog = 0;
		};
		F2610D959E3998E7A5DADA18 /* [CP] Embed Pods Frameworks */ = {
			isa = PBXShellScriptBuildPhase;
			buildActionMask = 2147483647;
			files = (
			);
			inputFileListPaths = (
				"${PODS_ROOT}/Target Support Files/Pods-Foodie/Pods-Foodie-frameworks-${CONFIGURATION}-input-files.xcfilelist",
			);
			name = "[CP] Embed Pods Frameworks";
			outputFileListPaths = (
				"${PODS_ROOT}/Target Support Files/Pods-Foodie/Pods-Foodie-frameworks-${CONFIGURATION}-output-files.xcfilelist",
			);
			runOnlyForDeploymentPostprocessing = 0;
			shellPath = /bin/sh;
			shellScript = "\"${PODS_ROOT}/Target Support Files/Pods-Foodie/Pods-Foodie-frameworks.sh\"\n";
			showEnvVarsInLog = 0;
		};
/* End PBXShellScriptBuildPhase section */

/* Begin PBXSourcesBuildPhase section */
		04D08D0B2AF79F1F004C2E7E /* Sources */ = {
			isa = PBXSourcesBuildPhase;
			buildActionMask = 2147483647;
			files = (
				0483A7752B4205F60012AFF0 /* StoryCollectionViewCell.swift in Sources */,
				042F7F7B2B29AD78004D501E /* AudioOutgoingMessageCell.swift in Sources */,
				0412220D2B0382120013A273 /* LoginViewController.swift in Sources */,
				0483A7712B41CF3B0012AFF0 /* PostCell.swift in Sources */,
				0455BD3F2AF7FD85006218AB /* RestaurantCell.swift in Sources */,
				0424831F2B11ECD200B84CB0 /* ProfileTableViewCell.swift in Sources */,
				04567A0B2B2CD11D00ADD4BC /* TextAndImageIncomingMessageCell.swift in Sources */,
				04FD8E0B2B0F3C4800EB9941 /* ProfileViewController.swift in Sources */,
				04FD42792B2F8A4800010D69 /* AudioManager.swift in Sources */,
				041641D82AFD24B70054CCAC /* RestaurantViewController.swift in Sources */,
				044CC8CC2B1938D500CAE3B8 /* UITableViewExtension.swift in Sources */,
				0455BD412AF7FFB1006218AB /* Restaurant.swift in Sources */,
				04D08D132AF79F1F004C2E7E /* AppDelegate.swift in Sources */,
				041519E22B1D03E900053B0A /* TextIncomingMessageCell.swift in Sources */,
				04BF4AF42B0CD4940000EB36 /* IngredientsServiceManager.swift in Sources */,
				041519E62B1D089900053B0A /* ImageOutgoingMessageCell.swift in Sources */,
				04FD8E122B0F5D2200EB9941 /* UserApi.swift in Sources */,
				0441F3F82B0B5B22009E8043 /* HomeViewController.swift in Sources */,
				04C73CDA2B1881F6005D7F38 /* ChatViewController.swift in Sources */,
				044E1E3B2AFD4ABB006E554E /* RestaurantTableViewCell.swift in Sources */,
				04FD8E102B0F598200EB9941 /* UserResult.swift in Sources */,
				04D08D152AF79F1F004C2E7E /* SceneDelegate.swift in Sources */,
				04BF4AF72B0D02EC0000EB36 /* IngredientsCollectionViewCell.swift in Sources */,
				04BF4AF22B0CD3DF0000EB36 /* Ingredients.swift in Sources */,
				04F501602B0235B2008820C6 /* LaunchScreenController.swift in Sources */,
				0483A76B2B41A54C0012AFF0 /* CommunityViewController.swift in Sources */,
				04DB69972B232B110074569A /* Message.swift in Sources */,
				042F7F7F2B29AD99004D501E /* AudioIncomingMessageCell.swift in Sources */,
				046A75022B1935C2002F62E2 /* ImageIncomingMessageCell.swift in Sources */,
				043325022AFC2D6000452C1E /* PageViewController.swift in Sources */,
				04567A072B2CB50900ADD4BC /* TextAndImageOutgoingMessageCell.swift in Sources */,
				04DB69952B232AED0074569A /* UserManager.swift in Sources */,
				0480428B2B14BAD4001406FA /* EditProfile.swift in Sources */,
				0455BD3B2AF7F518006218AB /* RestaurantsList.swift in Sources */,
				04E4270A2AF8F2F500E32CF5 /* RestaurantDetails.swift in Sources */,
				041641E12AFD2E5E0054CCAC /* RestaurantCollectionViewCell.swift in Sources */,
				043325042AFC2D9D00452C1E /* PageCollectionViewCell.swift in Sources */,
				0483A76E2B41CC560012AFF0 /* Post.swift in Sources */,
				045A7A362AFAD7F400C29688 /* RestaurantServiceManager.swift in Sources */,
				046A74FE2B1935A3002F62E2 /* TextOutgoingMessageCell.swift in Sources */,
			);
			runOnlyForDeploymentPostprocessing = 0;
		};
/* End PBXSourcesBuildPhase section */

/* Begin PBXVariantGroup section */
		04D08D182AF79F1F004C2E7E /* Main.storyboard */ = {
			isa = PBXVariantGroup;
			children = (
				04D08D192AF79F1F004C2E7E /* Base */,
				04FD8E132B0FECB300EB9941 /* ar */,
			);
			name = Main.storyboard;
			sourceTree = "<group>";
		};
		04D08D1D2AF79F22004C2E7E /* LaunchScreen.storyboard */ = {
			isa = PBXVariantGroup;
			children = (
				04D08D1E2AF79F22004C2E7E /* Base */,
				04FD8E142B0FECB300EB9941 /* ar */,
			);
			name = LaunchScreen.storyboard;
			sourceTree = "<group>";
		};
		04FD8E192B0FEF0300EB9941 /* Localizable.strings */ = {
			isa = PBXVariantGroup;
			children = (
				04FD8E182B0FEF0300EB9941 /* ar */,
				04FD8E1A2B0FEF1F00EB9941 /* en */,
			);
			name = Localizable.strings;
			sourceTree = "<group>";
		};
/* End PBXVariantGroup section */

/* Begin XCBuildConfiguration section */
		04D08D212AF79F22004C2E7E /* Debug */ = {
			isa = XCBuildConfiguration;
			buildSettings = {
				ALWAYS_SEARCH_USER_PATHS = NO;
				ASSETCATALOG_COMPILER_GENERATE_SWIFT_ASSET_SYMBOL_EXTENSIONS = YES;
				CLANG_ANALYZER_LOCALIZABILITY_NONLOCALIZED = YES;
				CLANG_ANALYZER_NONNULL = YES;
				CLANG_ANALYZER_NUMBER_OBJECT_CONVERSION = YES_AGGRESSIVE;
				CLANG_CXX_LANGUAGE_STANDARD = "gnu++20";
				CLANG_ENABLE_MODULES = YES;
				CLANG_ENABLE_OBJC_ARC = YES;
				CLANG_ENABLE_OBJC_WEAK = YES;
				CLANG_WARN_BLOCK_CAPTURE_AUTORELEASING = YES;
				CLANG_WARN_BOOL_CONVERSION = YES;
				CLANG_WARN_COMMA = YES;
				CLANG_WARN_CONSTANT_CONVERSION = YES;
				CLANG_WARN_DEPRECATED_OBJC_IMPLEMENTATIONS = YES;
				CLANG_WARN_DIRECT_OBJC_ISA_USAGE = YES_ERROR;
				CLANG_WARN_DOCUMENTATION_COMMENTS = YES;
				CLANG_WARN_EMPTY_BODY = YES;
				CLANG_WARN_ENUM_CONVERSION = YES;
				CLANG_WARN_INFINITE_RECURSION = YES;
				CLANG_WARN_INT_CONVERSION = YES;
				CLANG_WARN_NON_LITERAL_NULL_CONVERSION = YES;
				CLANG_WARN_OBJC_IMPLICIT_RETAIN_SELF = YES;
				CLANG_WARN_OBJC_LITERAL_CONVERSION = YES;
				CLANG_WARN_OBJC_ROOT_CLASS = YES_ERROR;
				CLANG_WARN_QUOTED_INCLUDE_IN_FRAMEWORK_HEADER = YES;
				CLANG_WARN_RANGE_LOOP_ANALYSIS = YES;
				CLANG_WARN_STRICT_PROTOTYPES = YES;
				CLANG_WARN_SUSPICIOUS_MOVE = YES;
				CLANG_WARN_UNGUARDED_AVAILABILITY = YES_AGGRESSIVE;
				CLANG_WARN_UNREACHABLE_CODE = YES;
				CLANG_WARN__DUPLICATE_METHOD_MATCH = YES;
				COPY_PHASE_STRIP = NO;
				DEBUG_INFORMATION_FORMAT = dwarf;
				ENABLE_STRICT_OBJC_MSGSEND = YES;
				ENABLE_TESTABILITY = YES;
				ENABLE_USER_SCRIPT_SANDBOXING = NO;
				GCC_C_LANGUAGE_STANDARD = gnu17;
				GCC_DYNAMIC_NO_PIC = NO;
				GCC_NO_COMMON_BLOCKS = YES;
				GCC_OPTIMIZATION_LEVEL = 0;
				GCC_PREPROCESSOR_DEFINITIONS = (
					"DEBUG=1",
					"$(inherited)",
				);
				GCC_WARN_64_TO_32_BIT_CONVERSION = YES;
				GCC_WARN_ABOUT_RETURN_TYPE = YES_ERROR;
				GCC_WARN_UNDECLARED_SELECTOR = YES;
				GCC_WARN_UNINITIALIZED_AUTOS = YES_AGGRESSIVE;
				GCC_WARN_UNUSED_FUNCTION = YES;
				GCC_WARN_UNUSED_VARIABLE = YES;
				INFOPLIST_KEY_UILaunchScreen_Generation = NO;
				IPHONEOS_DEPLOYMENT_TARGET = 16.6;
				LOCALIZATION_PREFERS_STRING_CATALOGS = YES;
				MTL_ENABLE_DEBUG_INFO = INCLUDE_SOURCE;
				MTL_FAST_MATH = YES;
				ONLY_ACTIVE_ARCH = YES;
				SDKROOT = iphoneos;
				SWIFT_ACTIVE_COMPILATION_CONDITIONS = "DEBUG $(inherited)";
				SWIFT_OPTIMIZATION_LEVEL = "-Onone";
			};
			name = Debug;
		};
		04D08D222AF79F22004C2E7E /* Release */ = {
			isa = XCBuildConfiguration;
			buildSettings = {
				ALWAYS_SEARCH_USER_PATHS = NO;
				ASSETCATALOG_COMPILER_GENERATE_SWIFT_ASSET_SYMBOL_EXTENSIONS = YES;
				CLANG_ANALYZER_LOCALIZABILITY_NONLOCALIZED = YES;
				CLANG_ANALYZER_NONNULL = YES;
				CLANG_ANALYZER_NUMBER_OBJECT_CONVERSION = YES_AGGRESSIVE;
				CLANG_CXX_LANGUAGE_STANDARD = "gnu++20";
				CLANG_ENABLE_MODULES = YES;
				CLANG_ENABLE_OBJC_ARC = YES;
				CLANG_ENABLE_OBJC_WEAK = YES;
				CLANG_WARN_BLOCK_CAPTURE_AUTORELEASING = YES;
				CLANG_WARN_BOOL_CONVERSION = YES;
				CLANG_WARN_COMMA = YES;
				CLANG_WARN_CONSTANT_CONVERSION = YES;
				CLANG_WARN_DEPRECATED_OBJC_IMPLEMENTATIONS = YES;
				CLANG_WARN_DIRECT_OBJC_ISA_USAGE = YES_ERROR;
				CLANG_WARN_DOCUMENTATION_COMMENTS = YES;
				CLANG_WARN_EMPTY_BODY = YES;
				CLANG_WARN_ENUM_CONVERSION = YES;
				CLANG_WARN_INFINITE_RECURSION = YES;
				CLANG_WARN_INT_CONVERSION = YES;
				CLANG_WARN_NON_LITERAL_NULL_CONVERSION = YES;
				CLANG_WARN_OBJC_IMPLICIT_RETAIN_SELF = YES;
				CLANG_WARN_OBJC_LITERAL_CONVERSION = YES;
				CLANG_WARN_OBJC_ROOT_CLASS = YES_ERROR;
				CLANG_WARN_QUOTED_INCLUDE_IN_FRAMEWORK_HEADER = YES;
				CLANG_WARN_RANGE_LOOP_ANALYSIS = YES;
				CLANG_WARN_STRICT_PROTOTYPES = YES;
				CLANG_WARN_SUSPICIOUS_MOVE = YES;
				CLANG_WARN_UNGUARDED_AVAILABILITY = YES_AGGRESSIVE;
				CLANG_WARN_UNREACHABLE_CODE = YES;
				CLANG_WARN__DUPLICATE_METHOD_MATCH = YES;
				COPY_PHASE_STRIP = NO;
				DEBUG_INFORMATION_FORMAT = "dwarf-with-dsym";
				ENABLE_NS_ASSERTIONS = NO;
				ENABLE_STRICT_OBJC_MSGSEND = YES;
				ENABLE_USER_SCRIPT_SANDBOXING = NO;
				GCC_C_LANGUAGE_STANDARD = gnu17;
				GCC_NO_COMMON_BLOCKS = YES;
				GCC_WARN_64_TO_32_BIT_CONVERSION = YES;
				GCC_WARN_ABOUT_RETURN_TYPE = YES_ERROR;
				GCC_WARN_UNDECLARED_SELECTOR = YES;
				GCC_WARN_UNINITIALIZED_AUTOS = YES_AGGRESSIVE;
				GCC_WARN_UNUSED_FUNCTION = YES;
				GCC_WARN_UNUSED_VARIABLE = YES;
				INFOPLIST_KEY_UILaunchScreen_Generation = NO;
				IPHONEOS_DEPLOYMENT_TARGET = 16.6;
				LOCALIZATION_PREFERS_STRING_CATALOGS = YES;
				MTL_ENABLE_DEBUG_INFO = NO;
				MTL_FAST_MATH = YES;
				SDKROOT = iphoneos;
				SWIFT_COMPILATION_MODE = wholemodule;
				VALIDATE_PRODUCT = YES;
			};
			name = Release;
		};
		04D08D242AF79F22004C2E7E /* Debug */ = {
			isa = XCBuildConfiguration;
			baseConfigurationReference = 441D545B2ACEA486259CF649 /* Pods-Foodie.debug.xcconfig */;
			buildSettings = {
				ASSETCATALOG_COMPILER_APPICON_NAME = AppIcon;
				ASSETCATALOG_COMPILER_GLOBAL_ACCENT_COLOR_NAME = AccentColor;
				CODE_SIGN_STYLE = Automatic;
				CURRENT_PROJECT_VERSION = 1;
				GENERATE_INFOPLIST_FILE = YES;
				INFOPLIST_FILE = Foodie/Info.plist;
				INFOPLIST_KEY_NSLocationAlwaysAndWhenInUseUsageDescription = "Allow us to access your location";
				INFOPLIST_KEY_NSLocationWhenInUseUsageDescription = "Allow us to access your location";
				INFOPLIST_KEY_UIApplicationSupportsIndirectInputEvents = YES;
				INFOPLIST_KEY_UILaunchScreen_Generation = YES;
				INFOPLIST_KEY_UILaunchStoryboardName = LaunchScreen.storyboard;
				INFOPLIST_KEY_UIMainStoryboardFile = Main;
				INFOPLIST_KEY_UISupportedInterfaceOrientations_iPad = "UIInterfaceOrientationPortrait UIInterfaceOrientationPortraitUpsideDown UIInterfaceOrientationLandscapeLeft UIInterfaceOrientationLandscapeRight";
				INFOPLIST_KEY_UISupportedInterfaceOrientations_iPhone = "UIInterfaceOrientationPortrait UIInterfaceOrientationLandscapeLeft UIInterfaceOrientationLandscapeRight";
				IPHONEOS_DEPLOYMENT_TARGET = 16.4;
				LD_RUNPATH_SEARCH_PATHS = (
					"$(inherited)",
					"@executable_path/Frameworks",
				);
				MARKETING_VERSION = 1.0;
				PRODUCT_BUNDLE_IDENTIFIER = nassar.Foodie;
				PRODUCT_NAME = "$(TARGET_NAME)";
				SWIFT_EMIT_LOC_STRINGS = YES;
				SWIFT_VERSION = 5.0;
				TARGETED_DEVICE_FAMILY = 1;
			};
			name = Debug;
		};
		04D08D252AF79F22004C2E7E /* Release */ = {
			isa = XCBuildConfiguration;
			baseConfigurationReference = 5DBCB224C774BBE67C855047 /* Pods-Foodie.release.xcconfig */;
			buildSettings = {
				ASSETCATALOG_COMPILER_APPICON_NAME = AppIcon;
				ASSETCATALOG_COMPILER_GLOBAL_ACCENT_COLOR_NAME = AccentColor;
				CODE_SIGN_STYLE = Automatic;
				CURRENT_PROJECT_VERSION = 1;
				GENERATE_INFOPLIST_FILE = YES;
				INFOPLIST_FILE = Foodie/Info.plist;
				INFOPLIST_KEY_NSLocationAlwaysAndWhenInUseUsageDescription = "Allow us to access your location";
				INFOPLIST_KEY_NSLocationWhenInUseUsageDescription = "Allow us to access your location";
				INFOPLIST_KEY_UIApplicationSupportsIndirectInputEvents = YES;
				INFOPLIST_KEY_UILaunchScreen_Generation = YES;
				INFOPLIST_KEY_UILaunchStoryboardName = LaunchScreen.storyboard;
				INFOPLIST_KEY_UIMainStoryboardFile = Main;
				INFOPLIST_KEY_UISupportedInterfaceOrientations_iPad = "UIInterfaceOrientationPortrait UIInterfaceOrientationPortraitUpsideDown UIInterfaceOrientationLandscapeLeft UIInterfaceOrientationLandscapeRight";
				INFOPLIST_KEY_UISupportedInterfaceOrientations_iPhone = "UIInterfaceOrientationPortrait UIInterfaceOrientationLandscapeLeft UIInterfaceOrientationLandscapeRight";
				IPHONEOS_DEPLOYMENT_TARGET = 16.4;
				LD_RUNPATH_SEARCH_PATHS = (
					"$(inherited)",
					"@executable_path/Frameworks",
				);
				MARKETING_VERSION = 1.0;
				PRODUCT_BUNDLE_IDENTIFIER = nassar.Foodie;
				PRODUCT_NAME = "$(TARGET_NAME)";
				SWIFT_EMIT_LOC_STRINGS = YES;
				SWIFT_VERSION = 5.0;
				TARGETED_DEVICE_FAMILY = 1;
			};
			name = Release;
		};
/* End XCBuildConfiguration section */

/* Begin XCConfigurationList section */
		04D08D0A2AF79F1F004C2E7E /* Build configuration list for PBXProject "Foodie" */ = {
			isa = XCConfigurationList;
			buildConfigurations = (
				04D08D212AF79F22004C2E7E /* Debug */,
				04D08D222AF79F22004C2E7E /* Release */,
			);
			defaultConfigurationIsVisible = 0;
			defaultConfigurationName = Release;
		};
		04D08D232AF79F22004C2E7E /* Build configuration list for PBXNativeTarget "Foodie" */ = {
			isa = XCConfigurationList;
			buildConfigurations = (
				04D08D242AF79F22004C2E7E /* Debug */,
				04D08D252AF79F22004C2E7E /* Release */,
			);
			defaultConfigurationIsVisible = 0;
			defaultConfigurationName = Release;
		};
/* End XCConfigurationList section */
	};
	rootObject = 04D08D072AF79F1F004C2E7E /* Project object */;
}
